
Microsoft Visual Studio Solution File, Format Version 12.00
# Visual Studio Version 17
VisualStudioVersion = 17.11.35219.272
MinimumVisualStudioVersion = 10.0.40219.1
Project("{FAE04EC0-301F-11D3-BF4B-00C04F79EFBC}") = "fab", "fab.csproj", "{D5035A69-CED3-46BC-A187-04ABEBF532E3}"
EndProject
Global
	GlobalSection(SolutionConfigurationPlatforms) = preSolution
		Debug|Any CPU = Debug|Any CPU
		Release|Any CPU = Release|Any CPU
	EndGlobalSection
	GlobalSection(ProjectConfigurationPlatforms) = postSolution
		{D5035A69-CED3-46BC-A187-04ABEBF532E3}.Debug|Any CPU.ActiveCfg = Debug|Any CPU
		{D5035A69-CED3-46BC-A187-04ABEBF532E3}.Debug|Any CPU.Build.0 = Debug|Any CPU
		{D5035A69-CED3-46BC-A187-04ABEBF532E3}.Release|Any CPU.ActiveCfg = Release|Any CPU
		{D5035A69-CED3-46BC-A187-04ABEBF532E3}.Release|Any CPU.Build.0 = Release|Any CPU
	EndGlobalSection
	GlobalSection(SolutionProperties) = preSolution
		HideSolutionNode = FALSE
	EndGlobalSection
	GlobalSection(ExtensibilityGlobals) = postSolution
		SolutionGuid = {0EAA62B1-CE75-4975-AE4D-4F04E1D5F23F}
	EndGlobalSection
EndGlobal
